# This file is automatically @generated by Cargo.
# It is not intended for manual editing.
version = 4

[[package]]
name = "hns-dane-engine"
version = "0.1.0"
dependencies = [
 "hns-dns-wire",
 "hns-resolution-policy",
]

[[package]]
name = "hns-dane-engine-ffi"
version = "0.1.0"
dependencies = [
 "hns-dane-engine",
 "hns-dns-wire",
 "hns-resolution-policy",
]

[[package]]
name = "hns-dns-wire"
version = "0.1.0"

[[package]]
name = "hns-resolution-policy"
version = "0.1.0"
